
Microsoft Visual Studio Solution File, Format Version 12.00
# Visual Studio Version 17
VisualStudioVersion = 17.3.32811.315
MinimumVisualStudioVersion = 10.0.40219.1
Project("{FAE04EC0-301F-11D3-BF4B-00C04F79EFBC}") = "DynaBIMToolbox", "DynaBIMToolbox.csproj", "{63B4510D-7B5B-49C4-BBB7-70BD2710018A}"
EndProject
Global
	GlobalSection(SolutionConfigurationPlatforms) = preSolution
		Debug|Any CPU = Debug|Any CPU
		Release|Any CPU = Release|Any CPU
	EndGlobalSection
	GlobalSection(ProjectConfigurationPlatforms) = postSolution
		{63B4510D-7B5B-49C4-BBB7-70BD2710018A}.Debug|Any CPU.ActiveCfg = Debug|Any CPU
		{63B4510D-7B5B-49C4-BBB7-70BD2710018A}.Debug|Any CPU.Build.0 = Debug|Any CPU
		{63B4510D-7B5B-49C4-BBB7-70BD2710018A}.Release|Any CPU.ActiveCfg = Release|Any CPU
		{63B4510D-7B5B-49C4-BBB7-70BD2710018A}.Release|Any CPU.Build.0 = Release|Any CPU
	EndGlobalSection
	GlobalSection(SolutionProperties) = preSolution
		HideSolutionNode = FALSE
	EndGlobalSection
	GlobalSection(ExtensibilityGlobals) = postSolution
		SolutionGuid = {F637815D-0C29-4CE5-826B-2781ED94A98F}
	EndGlobalSection
EndGlobal
